
Microsoft Visual Studio Solution File, Format Version 12.00
# Visual Studio Version 17
VisualStudioVersion = 17.11.35222.181
MinimumVisualStudioVersion = 10.0.40219.1
Project("{FAE04EC0-301F-11D3-BF4B-00C04F79EFBC}") = "DoYourTask_Reloaded", "DoYourTask_Reloaded.csproj", "{DF0CC41B-2130-437F-902F-3F8C82A80D9B}"
EndProject
Global
	GlobalSection(SolutionConfigurationPlatforms) = preSolution
		Debug|Any CPU = Debug|Any CPU
		Release|Any CPU = Release|Any CPU
	EndGlobalSection
	GlobalSection(ProjectConfigurationPlatforms) = postSolution
		{DF0CC41B-2130-437F-902F-3F8C82A80D9B}.Debug|Any CPU.ActiveCfg = Debug|Any CPU
		{DF0CC41B-2130-437F-902F-3F8C82A80D9B}.Debug|Any CPU.Build.0 = Debug|Any CPU
		{DF0CC41B-2130-437F-902F-3F8C82A80D9B}.Release|Any CPU.ActiveCfg = Release|Any CPU
		{DF0CC41B-2130-437F-902F-3F8C82A80D9B}.Release|Any CPU.Build.0 = Release|Any CPU
	EndGlobalSection
	GlobalSection(SolutionProperties) = preSolution
		HideSolutionNode = FALSE
	EndGlobalSection
	GlobalSection(ExtensibilityGlobals) = postSolution
		SolutionGuid = {AD123C7C-6D53-4450-8F4A-1C70D368F9C9}
	EndGlobalSection
EndGlobal
